lockfileVersion: '9.0'

settings:
  autoInstallPeers: true
  excludeLinksFromLockfile: false

importers:

  .:
    dependencies:
      lodash:
        specifier: 4.17.20
        version: 4.17.20
      xlsx:
        specifier: https://cdn.sheetjs.com/xlsx-0.20.2/xlsx-0.20.2.tgz
        version: https://cdn.sheetjs.com/xlsx-0.20.2/xlsx-0.20.2.tgz

packages:

  lodash@4.17.20:
    resolution: {integrity: sha512-PlhdFcillOINfeV7Ni6oF1TAEayyZBoZ8bcshTHqOYJYlrqzRK5hagpagky5o4HfCzzd1TRkXPMFq6cKk9rGmA==}

  xlsx@https://cdn.sheetjs.com/xlsx-0.20.2/xlsx-0.20.2.tgz:
    resolution: {tarball: https://cdn.sheetjs.com/xlsx-0.20.2/xlsx-0.20.2.tgz}
    version: 0.20.2
    engines: {node: '>=0.8'}
    hasBin: true

snapshots:

  lodash@4.17.20: {}

  xlsx@https://cdn.sheetjs.com/xlsx-0.20.2/xlsx-0.20.2.tgz: {}
