lockfileVersion: '9.0'

settings:
  autoInstallPeers: true
  excludeLinksFromLockfile: false

catalogs:
  default:
    lodash:
      specifier: 4.17.20
      version: 4.17.20
  legacy:
    chalk:
      specifier: 6.0.1
      version: 6.0.1

importers:

  .: {}

  packages/app:
    dependencies:
      '@demo11/lib':
        specifier: workspace:*
        version: link:../lib
      chalk:
        specifier: catalog:legacy
        version: 6.0.1
      lodash:
        specifier: 'catalog:'
        version: 4.17.20

  packages/lib:
    dependencies:
      is-odd:
        specifier: 3.0.0
        version: 3.0.0

packages:

  chalk@6.0.1:
    resolution: {integrity: sha512-/Ce6KNm3vIbWdMlNna6RVIZ/ICQxnJxCicet5LBKK9ZffBkqzDw0xh9EiKSljdRtiIQ1S1z4YgcscUUGzNCWrA==}
    engines: {node: '>=22'}

  is-number@6.0.0:
    resolution: {integrity: sha512-Wu1VHeILBK8KAWJUAiSZQX94GmOE45Rg6/538fKwiloUu21KncEkYGPqob2oSZ5mUT73vLGrHQjKw3KMPwfDzg==}
    engines: {node: '>=0.10.0'}

  is-odd@3.0.0:
    resolution: {integrity: sha512-204vE5IJ0Cd6pA6x1dMyLooGk6/xeKuq90imFuJN/ndMDBP4Sk9tJpBlTedHPvt6KDbtTDTsjVzzgctFqNV7FQ==}
    engines: {node: '>=4'}

  lodash@4.17.20:
    resolution: {integrity: sha512-PlhdFcillOINfeV7Ni6oF1TAEayyZBoZ8bcshTHqOYJYlrqzRK5hagpagky5o4HfCzzd1TRkXPMFq6cKk9rGmA==}

snapshots:

  chalk@6.0.1: {}

  is-number@6.0.0: {}

  is-odd@3.0.0:
    dependencies:
      is-number: 6.0.0

  lodash@4.17.20: {}
